
Microsoft Visual Studio Solution File, Format Version 12.00
# Visual Studio Version 16
VisualStudioVersion = 16.0.29806.167
MinimumVisualStudioVersion = 10.0.40219.1
Project("{FAE04EC0-301F-11D3-BF4B-00C04F79EFBC}") = "Text2Excel", "Text2Excel\Text2Excel.csproj", "{10BE3299-C484-4428-A4EA-6C923549470B}"
EndProject
Global
	GlobalSection(SolutionConfigurationPlatforms) = preSolution
		Debug|Any CPU = Debug|Any CPU
		Release|Any CPU = Release|Any CPU
	EndGlobalSection
	GlobalSection(ProjectConfigurationPlatforms) = postSolution
		{10BE3299-C484-4428-A4EA-6C923549470B}.Debug|Any CPU.ActiveCfg = Debug|Any CPU
		{10BE3299-C484-4428-A4EA-6C923549470B}.Debug|Any CPU.Build.0 = Debug|Any CPU
		{10BE3299-C484-4428-A4EA-6C923549470B}.Release|Any CPU.ActiveCfg = Release|Any CPU
		{10BE3299-C484-4428-A4EA-6C923549470B}.Release|Any CPU.Build.0 = Release|Any CPU
	EndGlobalSection
	GlobalSection(SolutionProperties) = preSolution
		HideSolutionNode = FALSE
	EndGlobalSection
	GlobalSection(ExtensibilityGlobals) = postSolution
		SolutionGuid = {3FABE739-DCC8-4E9B-9251-FD5B66F6F396}
	EndGlobalSection
EndGlobal
